{
    "name": "luucy-types",
    "version": "10.24.16-building-blocks-1.0",
    "lockfileVersion": 3,
    "requires": true,
    "packages": {
        "": {
            "name": "luucy-types",
            "version": "10.24.16-building-blocks-1.0",
            "hasInstallScript": true
        }
    }
}
